
Microsoft Visual Studio Solution File, Format Version 12.00
# Visual Studio 15
VisualStudioVersion = 15.0.27004.2005
MinimumVisualStudioVersion = 10.0.40219.1
Project("{9A19103F-16F7-4668-BE54-9A1E7A4F7556}") = "TunisianArabic", "TunisianArabic\TunisianArabic.csproj", "{53B91AC7-FD27-43E0-BCE4-73C1B875DC59}"
EndProject
Project("{9A19103F-16F7-4668-BE54-9A1E7A4F7556}") = "LogicClasses", "LogicClasses\LogicClasses.csproj", "{98C3E3C2-B841-41E2-85A6-674876464781}"
EndProject
Project("{FAE04EC0-301F-11D3-BF4B-00C04F79EFBC}") = "LogicTests", "LogicTests\LogicTests.csproj", "{3A07C588-459E-4F61-802F-9FE35C40DC90}"
EndProject
Global
	GlobalSection(SolutionConfigurationPlatforms) = preSolution
		Debug|Any CPU = Debug|Any CPU
		Release|Any CPU = Release|Any CPU
	EndGlobalSection
	GlobalSection(ProjectConfigurationPlatforms) = postSolution
		{53B91AC7-FD27-43E0-BCE4-73C1B875DC59}.Debug|Any CPU.ActiveCfg = Debug|Any CPU
		{53B91AC7-FD27-43E0-BCE4-73C1B875DC59}.Debug|Any CPU.Build.0 = Debug|Any CPU
		{53B91AC7-FD27-43E0-BCE4-73C1B875DC59}.Release|Any CPU.ActiveCfg = Release|Any CPU
		{53B91AC7-FD27-43E0-BCE4-73C1B875DC59}.Release|Any CPU.Build.0 = Release|Any CPU
		{98C3E3C2-B841-41E2-85A6-674876464781}.Debug|Any CPU.ActiveCfg = Debug|Any CPU
		{98C3E3C2-B841-41E2-85A6-674876464781}.Debug|Any CPU.Build.0 = Debug|Any CPU
		{98C3E3C2-B841-41E2-85A6-674876464781}.Release|Any CPU.ActiveCfg = Release|Any CPU
		{98C3E3C2-B841-41E2-85A6-674876464781}.Release|Any CPU.Build.0 = Release|Any CPU
		{3A07C588-459E-4F61-802F-9FE35C40DC90}.Debug|Any CPU.ActiveCfg = Debug|Any CPU
		{3A07C588-459E-4F61-802F-9FE35C40DC90}.Debug|Any CPU.Build.0 = Debug|Any CPU
		{3A07C588-459E-4F61-802F-9FE35C40DC90}.Release|Any CPU.ActiveCfg = Release|Any CPU
		{3A07C588-459E-4F61-802F-9FE35C40DC90}.Release|Any CPU.Build.0 = Release|Any CPU
	EndGlobalSection
	GlobalSection(SolutionProperties) = preSolution
		HideSolutionNode = FALSE
	EndGlobalSection
	GlobalSection(ExtensibilityGlobals) = postSolution
		SolutionGuid = {918E40FC-C450-4309-B383-A608DB10C337}
	EndGlobalSection
EndGlobal
